
Microsoft Visual Studio Solution File, Format Version 12.00
# Visual Studio Version 16
VisualStudioVersion = 16.0.31911.196
MinimumVisualStudioVersion = 10.0.40219.1
Project("{8BC9CEB8-8B4A-11D0-8D11-00A0C91BC942}") = "1hello world", "practice.vcxproj", "{525B74E3-D26E-4C6B-8F23-B1206F8176C2}"
EndProject
Project("{8BC9CEB8-8B4A-11D0-8D11-00A0C91BC942}") = "4常量", "..\4常量\4常量.vcxproj", "{7F977221-2877-469E-9F91-7C068E31FBD7}"
EndProject
Project("{8BC9CEB8-8B4A-11D0-8D11-00A0C91BC942}") = "5变量的使用 scanf输入函数", "..\5变量的使用 scanf输入函数\5变量的使用 scanf输入函数.vcxproj", "{B933A9DD-003C-4A9F-9B66-E4D5916250D7}"
EndProject
Project("{8BC9CEB8-8B4A-11D0-8D11-00A0C91BC942}") = "2数据类型", "..\2数据类型\数据类型.vcxproj", "{F9D772FF-D33C-4F61-AD44-5FC6431EAE6B}"
EndProject
Project("{8BC9CEB8-8B4A-11D0-8D11-00A0C91BC942}") = "3变量", "..\3. 变量\3. 变量、常量.vcxproj", "{C3D4C321-0BAA-4010-AD23-BD48D018F1B6}"
EndProject
Project("{8BC9CEB8-8B4A-11D0-8D11-00A0C91BC942}") = "6字符串 转义字符 注释", "..\6字符串 转义字符 注释\6字符串 转义字符 注释.vcxproj", "{83338A85-19CD-4A92-A9C9-32121DF01FBC}"
EndProject
Project("{8BC9CEB8-8B4A-11D0-8D11-00A0C91BC942}") = "7选择语句", "..\7选择语句\7选择语句.vcxproj", "{87859C60-B192-4B34-9CCA-D51987532203}"
EndProject
Project("{8BC9CEB8-8B4A-11D0-8D11-00A0C91BC942}") = "8循环语句", "..\8循环语句\8循环语句.vcxproj", "{612AA50E-25CB-4E90-8372-6C15BFE825BF}"
EndProject
Project("{8BC9CEB8-8B4A-11D0-8D11-00A0C91BC942}") = "9函数", "..\9函数\9函数.vcxproj", "{CBF9B1D6-F5EB-4D99-9327-FCB6B39BF18E}"
EndProject
Project("{8BC9CEB8-8B4A-11D0-8D11-00A0C91BC942}") = "10数组", "..\10数组\10数组.vcxproj", "{B1302DDA-03F2-4898-9ADE-EC4E9D2BFD2E}"
EndProject
Project("{8BC9CEB8-8B4A-11D0-8D11-00A0C91BC942}") = "11重要的关键词", "..\11重要的关键词\11重要的关键词.vcxproj", "{D2511EC0-6B54-4E9F-AC57-F3A6AB12483B}"
EndProject
Global
	GlobalSection(SolutionConfigurationPlatforms) = preSolution
		Debug|x64 = Debug|x64
		Debug|x86 = Debug|x86
		Release|x64 = Release|x64
		Release|x86 = Release|x86
	EndGlobalSection
	GlobalSection(ProjectConfigurationPlatforms) = postSolution
		{525B74E3-D26E-4C6B-8F23-B1206F8176C2}.Debug|x64.ActiveCfg = Debug|x64
		{525B74E3-D26E-4C6B-8F23-B1206F8176C2}.Debug|x64.Build.0 = Debug|x64
		{525B74E3-D26E-4C6B-8F23-B1206F8176C2}.Debug|x86.ActiveCfg = Debug|Win32
		{525B74E3-D26E-4C6B-8F23-B1206F8176C2}.Debug|x86.Build.0 = Debug|Win32
		{525B74E3-D26E-4C6B-8F23-B1206F8176C2}.Release|x64.ActiveCfg = Release|x64
		{525B74E3-D26E-4C6B-8F23-B1206F8176C2}.Release|x64.Build.0 = Release|x64
		{525B74E3-D26E-4C6B-8F23-B1206F8176C2}.Release|x86.ActiveCfg = Release|Win32
		{525B74E3-D26E-4C6B-8F23-B1206F8176C2}.Release|x86.Build.0 = Release|Win32
		{7F977221-2877-469E-9F91-7C068E31FBD7}.Debug|x64.ActiveCfg = Debug|x64
		{7F977221-2877-469E-9F91-7C068E31FBD7}.Debug|x64.Build.0 = Debug|x64
		{7F977221-2877-469E-9F91-7C068E31FBD7}.Debug|x86.ActiveCfg = Debug|Win32
		{7F977221-2877-469E-9F91-7C068E31FBD7}.Debug|x86.Build.0 = Debug|Win32
		{7F977221-2877-469E-9F91-7C068E31FBD7}.Release|x64.ActiveCfg = Release|x64
		{7F977221-2877-469E-9F91-7C068E31FBD7}.Release|x64.Build.0 = Release|x64
		{7F977221-2877-469E-9F91-7C068E31FBD7}.Release|x86.ActiveCfg = Release|Win32
		{7F977221-2877-469E-9F91-7C068E31FBD7}.Release|x86.Build.0 = Release|Win32
		{B933A9DD-003C-4A9F-9B66-E4D5916250D7}.Debug|x64.ActiveCfg = Debug|x64
		{B933A9DD-003C-4A9F-9B66-E4D5916250D7}.Debug|x64.Build.0 = Debug|x64
		{B933A9DD-003C-4A9F-9B66-E4D5916250D7}.Debug|x86.ActiveCfg = Debug|Win32
		{B933A9DD-003C-4A9F-9B66-E4D5916250D7}.Debug|x86.Build.0 = Debug|Win32
		{B933A9DD-003C-4A9F-9B66-E4D5916250D7}.Release|x64.ActiveCfg = Release|x64
		{B933A9DD-003C-4A9F-9B66-E4D5916250D7}.Release|x64.Build.0 = Release|x64
		{B933A9DD-003C-4A9F-9B66-E4D5916250D7}.Release|x86.ActiveCfg = Release|Win32
		{B933A9DD-003C-4A9F-9B66-E4D5916250D7}.Release|x86.Build.0 = Release|Win32
		{F9D772FF-D33C-4F61-AD44-5FC6431EAE6B}.Debug|x64.ActiveCfg = Debug|x64
		{F9D772FF-D33C-4F61-AD44-5FC6431EAE6B}.Debug|x64.Build.0 = Debug|x64
		{F9D772FF-D33C-4F61-AD44-5FC6431EAE6B}.Debug|x86.ActiveCfg = Debug|Win32
		{F9D772FF-D33C-4F61-AD44-5FC6431EAE6B}.Debug|x86.Build.0 = Debug|Win32
		{F9D772FF-D33C-4F61-AD44-5FC6431EAE6B}.Release|x64.ActiveCfg = Release|x64
		{F9D772FF-D33C-4F61-AD44-5FC6431EAE6B}.Release|x64.Build.0 = Release|x64
		{F9D772FF-D33C-4F61-AD44-5FC6431EAE6B}.Release|x86.ActiveCfg = Release|Win32
		{F9D772FF-D33C-4F61-AD44-5FC6431EAE6B}.Release|x86.Build.0 = Release|Win32
		{C3D4C321-0BAA-4010-AD23-BD48D018F1B6}.Debug|x64.ActiveCfg = Debug|x64
		{C3D4C321-0BAA-4010-AD23-BD48D018F1B6}.Debug|x64.Build.0 = Debug|x64
		{C3D4C321-0BAA-4010-AD23-BD48D018F1B6}.Debug|x86.ActiveCfg = Debug|Win32
		{C3D4C321-0BAA-4010-AD23-BD48D018F1B6}.Debug|x86.Build.0 = Debug|Win32
		{C3D4C321-0BAA-4010-AD23-BD48D018F1B6}.Release|x64.ActiveCfg = Release|x64
		{C3D4C321-0BAA-4010-AD23-BD48D018F1B6}.Release|x64.Build.0 = Release|x64
		{C3D4C321-0BAA-4010-AD23-BD48D018F1B6}.Release|x86.ActiveCfg = Release|Win32
		{C3D4C321-0BAA-4010-AD23-BD48D018F1B6}.Release|x86.Build.0 = Release|Win32
		{83338A85-19CD-4A92-A9C9-32121DF01FBC}.Debug|x64.ActiveCfg = Debug|x64
		{83338A85-19CD-4A92-A9C9-32121DF01FBC}.Debug|x64.Build.0 = Debug|x64
		{83338A85-19CD-4A92-A9C9-32121DF01FBC}.Debug|x86.ActiveCfg = Debug|Win32
		{83338A85-19CD-4A92-A9C9-32121DF01FBC}.Debug|x86.Build.0 = Debug|Win32
		{83338A85-19CD-4A92-A9C9-32121DF01FBC}.Release|x64.ActiveCfg = Release|x64
		{83338A85-19CD-4A92-A9C9-32121DF01FBC}.Release|x64.Build.0 = Release|x64
		{83338A85-19CD-4A92-A9C9-32121DF01FBC}.Release|x86.ActiveCfg = Release|Win32
		{83338A85-19CD-4A92-A9C9-32121DF01FBC}.Release|x86.Build.0 = Release|Win32
		{87859C60-B192-4B34-9CCA-D51987532203}.Debug|x64.ActiveCfg = Debug|x64
		{87859C60-B192-4B34-9CCA-D51987532203}.Debug|x64.Build.0 = Debug|x64
		{87859C60-B192-4B34-9CCA-D51987532203}.Debug|x86.ActiveCfg = Debug|Win32
		{87859C60-B192-4B34-9CCA-D51987532203}.Debug|x86.Build.0 = Debug|Win32
		{87859C60-B192-4B34-9CCA-D51987532203}.Release|x64.ActiveCfg = Release|x64
		{87859C60-B192-4B34-9CCA-D51987532203}.Release|x64.Build.0 = Release|x64
		{87859C60-B192-4B34-9CCA-D51987532203}.Release|x86.ActiveCfg = Release|Win32
		{87859C60-B192-4B34-9CCA-D51987532203}.Release|x86.Build.0 = Release|Win32
		{612AA50E-25CB-4E90-8372-6C15BFE825BF}.Debug|x64.ActiveCfg = Debug|x64
		{612AA50E-25CB-4E90-8372-6C15BFE825BF}.Debug|x64.Build.0 = Debug|x64
		{612AA50E-25CB-4E90-8372-6C15BFE825BF}.Debug|x86.ActiveCfg = Debug|Win32
		{612AA50E-25CB-4E90-8372-6C15BFE825BF}.Debug|x86.Build.0 = Debug|Win32
		{612AA50E-25CB-4E90-8372-6C15BFE825BF}.Release|x64.ActiveCfg = Release|x64
		{612AA50E-25CB-4E90-8372-6C15BFE825BF}.Release|x64.Build.0 = Release|x64
		{612AA50E-25CB-4E90-8372-6C15BFE825BF}.Release|x86.ActiveCfg = Release|Win32
		{612AA50E-25CB-4E90-8372-6C15BFE825BF}.Release|x86.Build.0 = Release|Win32
		{CBF9B1D6-F5EB-4D99-9327-FCB6B39BF18E}.Debug|x64.ActiveCfg = Debug|x64
		{CBF9B1D6-F5EB-4D99-9327-FCB6B39BF18E}.Debug|x64.Build.0 = Debug|x64
		{CBF9B1D6-F5EB-4D99-9327-FCB6B39BF18E}.Debug|x86.ActiveCfg = Debug|Win32
		{CBF9B1D6-F5EB-4D99-9327-FCB6B39BF18E}.Debug|x86.Build.0 = Debug|Win32
		{CBF9B1D6-F5EB-4D99-9327-FCB6B39BF18E}.Release|x64.ActiveCfg = Release|x64
		{CBF9B1D6-F5EB-4D99-9327-FCB6B39BF18E}.Release|x64.Build.0 = Release|x64
		{CBF9B1D6-F5EB-4D99-9327-FCB6B39BF18E}.Release|x86.ActiveCfg = Release|Win32
		{CBF9B1D6-F5EB-4D99-9327-FCB6B39BF18E}.Release|x86.Build.0 = Release|Win32
		{B1302DDA-03F2-4898-9ADE-EC4E9D2BFD2E}.Debug|x64.ActiveCfg = Debug|x64
		{B1302DDA-03F2-4898-9ADE-EC4E9D2BFD2E}.Debug|x64.Build.0 = Debug|x64
		{B1302DDA-03F2-4898-9ADE-EC4E9D2BFD2E}.Debug|x86.ActiveCfg = Debug|Win32
		{B1302DDA-03F2-4898-9ADE-EC4E9D2BFD2E}.Debug|x86.Build.0 = Debug|Win32
		{B1302DDA-03F2-4898-9ADE-EC4E9D2BFD2E}.Release|x64.ActiveCfg = Release|x64
		{B1302DDA-03F2-4898-9ADE-EC4E9D2BFD2E}.Release|x64.Build.0 = Release|x64
		{B1302DDA-03F2-4898-9ADE-EC4E9D2BFD2E}.Release|x86.ActiveCfg = Release|Win32
		{B1302DDA-03F2-4898-9ADE-EC4E9D2BFD2E}.Release|x86.Build.0 = Release|Win32
		{D2511EC0-6B54-4E9F-AC57-F3A6AB12483B}.Debug|x64.ActiveCfg = Debug|x64
		{D2511EC0-6B54-4E9F-AC57-F3A6AB12483B}.Debug|x64.Build.0 = Debug|x64
		{D2511EC0-6B54-4E9F-AC57-F3A6AB12483B}.Debug|x86.ActiveCfg = Debug|Win32
		{D2511EC0-6B54-4E9F-AC57-F3A6AB12483B}.Debug|x86.Build.0 = Debug|Win32
		{D2511EC0-6B54-4E9F-AC57-F3A6AB12483B}.Release|x64.ActiveCfg = Release|x64
		{D2511EC0-6B54-4E9F-AC57-F3A6AB12483B}.Release|x64.Build.0 = Release|x64
		{D2511EC0-6B54-4E9F-AC57-F3A6AB12483B}.Release|x86.ActiveCfg = Release|Win32
		{D2511EC0-6B54-4E9F-AC57-F3A6AB12483B}.Release|x86.Build.0 = Release|Win32
	EndGlobalSection
	GlobalSection(SolutionProperties) = preSolution
		HideSolutionNode = FALSE
	EndGlobalSection
	GlobalSection(ExtensibilityGlobals) = postSolution
		SolutionGuid = {DFC0E357-922E-49C2-B53E-7FC19579A331}
	EndGlobalSection
EndGlobal
